
Microsoft Visual Studio Solution File, Format Version 12.00
# Visual Studio Version 16
VisualStudioVersion = 16.0.29911.84
MinimumVisualStudioVersion = 10.0.40219.1
Project("{FAE04EC0-301F-11D3-BF4B-00C04F79EFBC}") = "saleqcio_aqtivoba", "saleqcio_aqtivoba.csproj", "{A6B6B83C-ECC4-4AB1-85B3-08BC1A29B485}"
EndProject
Global
	GlobalSection(SolutionConfigurationPlatforms) = preSolution
		Debug|Any CPU = Debug|Any CPU
		Release|Any CPU = Release|Any CPU
	EndGlobalSection
	GlobalSection(ProjectConfigurationPlatforms) = postSolution
		{A6B6B83C-ECC4-4AB1-85B3-08BC1A29B485}.Debug|Any CPU.ActiveCfg = Debug|Any CPU
		{A6B6B83C-ECC4-4AB1-85B3-08BC1A29B485}.Debug|Any CPU.Build.0 = Debug|Any CPU
		{A6B6B83C-ECC4-4AB1-85B3-08BC1A29B485}.Release|Any CPU.ActiveCfg = Release|Any CPU
		{A6B6B83C-ECC4-4AB1-85B3-08BC1A29B485}.Release|Any CPU.Build.0 = Release|Any CPU
	EndGlobalSection
	GlobalSection(SolutionProperties) = preSolution
		HideSolutionNode = FALSE
	EndGlobalSection
	GlobalSection(ExtensibilityGlobals) = postSolution
		SolutionGuid = {365F46EC-50E3-4C2A-AF7C-82EC2BEE4220}
	EndGlobalSection
EndGlobal
